{
  "nodes": {
    "flake-compat": {
      "flake": false,
      "locked": {
        "lastModified": 1606424373,
        "narHash": "sha256-oq8d4//CJOrVj+EcOaSXvMebvuTkmBJuT5tzlfewUnQ=",
        "owner": "edolstra",
        "repo": "flake-compat",
        "rev": "99f1c2157fba4bfe6211a321fd0ee43199025dbf",
        "type": "github"
      },
      "original": {
        "owner": "edolstra",
        "repo": "flake-compat",
        "type": "github"
      }
    },
    "flake-utils": {
      "locked": {
        "lastModified": 1623660459,
        "narHash": "sha256-OTmOsh43po7r5F9s9H6lVCBQ2b0FikWbmiwLbMAGRdw=",
        "owner": "numtide",
        "repo": "flake-utils",
        "rev": "98c8d36b1828009b20f12544214683c7489935a1",
        "type": "github"
      },
      "original": {
        "owner": "numtide",
        "repo": "flake-utils",
        "type": "github"
      }
    },
    "flake-utils_2": {
      "locked": {
        "lastModified": 1620759905,
        "narHash": "sha256-WiyWawrgmyN0EdmiHyG2V+fqReiVi8bM9cRdMaKQOFg=",
        "owner": "numtide",
        "repo": "flake-utils",
        "rev": "b543720b25df6ffdfcf9227afafc5b8c1fabfae8",
        "type": "github"
      },
      "original": {
        "owner": "numtide",
        "repo": "flake-utils",
        "type": "github"
      }
    },
    "flake-utils_3": {
      "locked": {
        "lastModified": 1610051610,
        "narHash": "sha256-U9rPz/usA1/Aohhk7Cmc2gBrEEKRzcW4nwPWMPwja4Y=",
        "owner": "numtide",
        "repo": "flake-utils",
        "rev": "3982c9903e93927c2164caa727cd3f6a0e6d14cc",
        "type": "github"
      },
      "original": {
        "owner": "numtide",
        "repo": "flake-utils",
        "type": "github"
      }
    },
    "flake-utils_4": {
      "locked": {
        "lastModified": 1620759905,
        "narHash": "sha256-WiyWawrgmyN0EdmiHyG2V+fqReiVi8bM9cRdMaKQOFg=",
        "owner": "numtide",
        "repo": "flake-utils",
        "rev": "b543720b25df6ffdfcf9227afafc5b8c1fabfae8",
        "type": "github"
      },
      "original": {
        "owner": "numtide",
        "repo": "flake-utils",
        "type": "github"
      }
    },
    "gitignore": {
      "flake": false,
      "locked": {
        "lastModified": 1611672876,
        "narHash": "sha256-qHu3uZ/o9jBHiA3MEKHJ06k7w4heOhA+4HCSIvflRxo=",
        "owner": "hercules-ci",
        "repo": "gitignore.nix",
        "rev": "211907489e9f198594c0eb0ca9256a1949c9d412",
        "type": "github"
      },
      "original": {
        "owner": "hercules-ci",
        "repo": "gitignore.nix",
        "type": "github"
      }
    },
    "haskellNix": {
      "inputs": {
        "nixpkgs": "nixpkgs",
        "nixpkgs-2003": "nixpkgs-2003",
        "nixpkgs-2009": "nixpkgs-2009",
        "nixpkgs-unstable": "nixpkgs-unstable"
      },
      "locked": {
        "lastModified": 1623681950,
        "narHash": "sha256-yNMA/OrCap8KZibwma20RIPsIjSo8Oh18r07kDxYMVQ=",
        "owner": "input-output-hk",
        "repo": "haskell.nix",
        "rev": "59ab8df0204367b6d478f432de4a4cac5db5a7a0",
        "type": "github"
      },
      "original": {
        "owner": "input-output-hk",
        "ref": "hkm/nixpkgs-unstable-update",
        "repo": "haskell.nix",
        "type": "github"
      }
    },
    "hls": {
      "inputs": {
        "flake-compat": "flake-compat",
        "flake-utils": "flake-utils_2",
        "gitignore": "gitignore",
        "nixpkgs": "nixpkgs_2",
        "pre-commit-hooks": "pre-commit-hooks"
      },
      "locked": {
        "lastModified": 1623014450,
        "narHash": "sha256-rGDQRVbYBM4sGUXmg04UrKTRD6+i/NwpTfUnZMB829U=",
        "owner": "teto",
        "repo": "haskell-language-server",
        "rev": "a1b9a83e7d159e72da50eaae4d2663282ac97383",
        "type": "github"
      },
      "original": {
        "owner": "teto",
        "ref": "flake-debug",
        "repo": "haskell-language-server",
        "type": "github"
      }
    },
    "idris": {
      "inputs": {
        "flake-utils": [
          "flake-utils"
        ],
        "idris-emacs-src": "idris-emacs-src",
        "nixpkgs": [
          "nixpkgs"
        ]
      },
      "locked": {
        "lastModified": 1621286848,
        "narHash": "sha256-ZQaRlsVYj9JL2ZXqViQO4uU8qmOP9e28uhzq0+vwwrU=",
        "owner": "idris-lang",
        "repo": "Idris2",
        "rev": "2f66f3e006bbbe73605db30cdb8c2464d41bb49c",
        "type": "github"
      },
      "original": {
        "owner": "idris-lang",
        "repo": "Idris2",
        "type": "github"
      }
    },
    "idris-emacs-src": {
      "flake": false,
      "locked": {
        "lastModified": 1613351183,
        "narHash": "sha256-ngg48SzrR2LCtjle3WR3BOK86USRB0ZXmgXWu9EzQbo=",
        "owner": "redfish64",
        "repo": "idris2-mode",
        "rev": "77390611a934f13e03a45e9f8a4e476dd17a9c5b",
        "type": "github"
      },
      "original": {
        "owner": "redfish64",
        "repo": "idris2-mode",
        "type": "github"
      }
    },
    "nixpkgs": {
      "locked": {
        "lastModified": 1608007629,
        "narHash": "sha256-lipVFC/a2pzzA5X2ULj64je+fz1JIp2XRrB5qyoizpQ=",
        "owner": "NixOS",
        "repo": "nixpkgs",
        "rev": "f02bf8ffb9a5ec5e8f6f66f1e5544fd2aa1a0693",
        "type": "github"
      },
      "original": {
        "owner": "NixOS",
        "repo": "nixpkgs",
        "rev": "f02bf8ffb9a5ec5e8f6f66f1e5544fd2aa1a0693",
        "type": "github"
      }
    },
    "nixpkgs-2003": {
      "locked": {
        "lastModified": 1607708579,
        "narHash": "sha256-QyADEDydJJPa8n3xawnA82IJAcZHNNm6Pp5DU7exMr4=",
        "owner": "NixOS",
        "repo": "nixpkgs",
        "rev": "7f73e46625f508a793700f5110b86f1a53341d6e",
        "type": "github"
      },
      "original": {
        "owner": "NixOS",
        "repo": "nixpkgs",
        "rev": "7f73e46625f508a793700f5110b86f1a53341d6e",
        "type": "github"
      }
    },
    "nixpkgs-2009": {
      "locked": {
        "lastModified": 1608007629,
        "narHash": "sha256-lipVFC/a2pzzA5X2ULj64je+fz1JIp2XRrB5qyoizpQ=",
        "owner": "NixOS",
        "repo": "nixpkgs",
        "rev": "f02bf8ffb9a5ec5e8f6f66f1e5544fd2aa1a0693",
        "type": "github"
      },
      "original": {
        "owner": "NixOS",
        "repo": "nixpkgs",
        "rev": "f02bf8ffb9a5ec5e8f6f66f1e5544fd2aa1a0693",
        "type": "github"
      }
    },
    "nixpkgs-unstable": {
      "locked": {
        "lastModified": 1612284693,
        "narHash": "sha256-efzJNF1jvjK3BMl0gZ0ZaUWcFMv0nLb9AHN/++5+u0U=",
        "owner": "NixOS",
        "repo": "nixpkgs",
        "rev": "410bbd828cdc6156aecd5bc91772ad3a6b1099c7",
        "type": "github"
      },
      "original": {
        "owner": "NixOS",
        "repo": "nixpkgs",
        "rev": "410bbd828cdc6156aecd5bc91772ad3a6b1099c7",
        "type": "github"
      }
    },
    "nixpkgs_2": {
      "locked": {
        "lastModified": 1621151593,
        "narHash": "sha256-wC8kXOdXwI3YyAeqv6LKZCmjqnjXovHI1UzOrma4kWA=",
        "owner": "NixOS",
        "repo": "nixpkgs",
        "rev": "f2c015d33d1b36070c64b726662db42c6c87b7be",
        "type": "github"
      },
      "original": {
        "owner": "NixOS",
        "ref": "nixpkgs-unstable",
        "repo": "nixpkgs",
        "type": "github"
      }
    },
    "nixpkgs_3": {
      "locked": {
        "lastModified": 1623694495,
        "narHash": "sha256-vNHwPRZfPhKVsoPSh1EgXh4vQJfNdiJe3YAT/8SNNGw=",
        "owner": "nixos",
        "repo": "nixpkgs",
        "rev": "807820fd1a1a8174fa69cd2aab744985bfba10cd",
        "type": "github"
      },
      "original": {
        "owner": "nixos",
        "ref": "master",
        "repo": "nixpkgs",
        "type": "github"
      }
    },
    "nixpkgs_4": {
      "locked": {
        "lastModified": 1610729867,
        "narHash": "sha256-bk/SBaBLqZX/PEqal27DMQwAHHl0dcZMp8NNksQr80s=",
        "owner": "NixOS",
        "repo": "nixpkgs",
        "rev": "04af07c659c6723a2259bb6bc00a47ec53330f20",
        "type": "github"
      },
      "original": {
        "owner": "NixOS",
        "repo": "nixpkgs",
        "type": "github"
      }
    },
    "nixpkgs_5": {
      "locked": {
        "lastModified": 1621290140,
        "narHash": "sha256-J26tkCmjDejI3cdu1GSf3UR+uH3NGYrAzz9spyUnXNM=",
        "owner": "NixOS",
        "repo": "nixpkgs",
        "rev": "c9587434922830fa2657febf05adb91dc866713d",
        "type": "github"
      },
      "original": {
        "id": "nixpkgs",
        "type": "indirect"
      }
    },
    "poetry": {
      "inputs": {
        "flake-utils": "flake-utils_3",
        "nixpkgs": "nixpkgs_4"
      },
      "locked": {
        "lastModified": 1623340466,
        "narHash": "sha256-/sVGsyMDvf9dN2BCBZ6fwVzG+bQjFoyTHwPgpOLbs4o=",
        "owner": "nix-community",
        "repo": "poetry2nix",
        "rev": "74303472ac116fa21452f2fcd8d3a8e78d174268",
        "type": "github"
      },
      "original": {
        "id": "poetry",
        "type": "indirect"
      }
    },
    "pre-commit-hooks": {
      "inputs": {
        "flake-utils": [
          "flake-utils"
        ],
        "nixpkgs": [
          "nixpkgs"
        ]
      },
      "locked": {
        "lastModified": 1620897287,
        "narHash": "sha256-UU0SysjA5h1NMCQhA0lKaeqy9gCBqpq/5dW1BWLbIXo=",
        "owner": "cachix",
        "repo": "pre-commit-hooks.nix",
        "rev": "40a51af82c1181b9dea3526c4124eee077e30213",
        "type": "github"
      },
      "original": {
        "owner": "cachix",
        "repo": "pre-commit-hooks.nix",
        "type": "github"
      }
    },
    "replica": {
      "inputs": {
        "flake-utils": "flake-utils_4",
        "idris": "idris",
        "nixpkgs": "nixpkgs_5"
      },
      "locked": {
        "lastModified": 1623329628,
        "narHash": "sha256-EmO0/UPpyGR8MMZOUrn6YzruyNlhj6HsqnLohmJ5CMg=",
        "owner": "berewt",
        "repo": "REPLica",
        "rev": "5a3b53617c9b1f7c156535106501a74dc4ccb580",
        "type": "github"
      },
      "original": {
        "owner": "berewt",
        "repo": "REPLica",
        "type": "github"
      }
    },
    "root": {
      "inputs": {
        "flake-utils": "flake-utils",
        "haskellNix": "haskellNix",
        "hls": "hls",
        "nixpkgs": "nixpkgs_3",
        "poetry": "poetry",
        "replica": "replica"
      }
    }
  },
  "root": "root",
  "version": 7
}
