{
  "nodes": {
    "flake-utils": {
      "locked": {
        "lastModified": 1619345332,
        "narHash": "sha256-qHnQkEp1uklKTpx3MvKtY6xzgcqXDsz5nLilbbuL+3A=",
        "owner": "numtide",
        "repo": "flake-utils",
        "rev": "2ebf2558e5bf978c7fb8ea927dfaed8fefab2e28",
        "type": "github"
      },
      "original": {
        "owner": "numtide",
        "repo": "flake-utils",
        "type": "github"
      }
    },
    "flake-utils_2": {
      "locked": {
        "lastModified": 1610051610,
        "narHash": "sha256-U9rPz/usA1/Aohhk7Cmc2gBrEEKRzcW4nwPWMPwja4Y=",
        "owner": "numtide",
        "repo": "flake-utils",
        "rev": "3982c9903e93927c2164caa727cd3f6a0e6d14cc",
        "type": "github"
      },
      "original": {
        "owner": "numtide",
        "repo": "flake-utils",
        "type": "github"
      }
    },
    "flake-utils_3": {
      "locked": {
        "lastModified": 1619345332,
        "narHash": "sha256-qHnQkEp1uklKTpx3MvKtY6xzgcqXDsz5nLilbbuL+3A=",
        "owner": "numtide",
        "repo": "flake-utils",
        "rev": "2ebf2558e5bf978c7fb8ea927dfaed8fefab2e28",
        "type": "github"
      },
      "original": {
        "owner": "numtide",
        "repo": "flake-utils",
        "type": "github"
      }
    },
    "idris": {
      "inputs": {
        "flake-utils": [
          "flake-utils"
        ],
        "idris-emacs-src": "idris-emacs-src",
        "nixpkgs": [
          "nixpkgs"
        ]
      },
      "locked": {
        "lastModified": 1620557364,
        "narHash": "sha256-VYUq5lUWR4t8bmQVmnI+tVTfCL6ohGHD+m0jF5gdhcQ=",
        "owner": "idris-lang",
        "repo": "Idris2",
        "rev": "416cf6af3e746c65b0ac5bafcc7f739ca568d435",
        "type": "github"
      },
      "original": {
        "owner": "idris-lang",
        "repo": "Idris2",
        "type": "github"
      }
    },
    "idris-emacs-src": {
      "flake": false,
      "locked": {
        "lastModified": 1613351183,
        "narHash": "sha256-ngg48SzrR2LCtjle3WR3BOK86USRB0ZXmgXWu9EzQbo=",
        "owner": "redfish64",
        "repo": "idris2-mode",
        "rev": "77390611a934f13e03a45e9f8a4e476dd17a9c5b",
        "type": "github"
      },
      "original": {
        "owner": "redfish64",
        "repo": "idris2-mode",
        "type": "github"
      }
    },
    "nixpkgs": {
      "locked": {
        "lastModified": 1620340338,
        "narHash": "sha256-Op/4K0+Z9Sp5jtFH0s/zMM4H7VFZxrekcAmjQ6JpQ4w=",
        "owner": "nixos",
        "repo": "nixpkgs",
        "rev": "63586475587d7e0e078291ad4b49b6f6a6885100",
        "type": "github"
      },
      "original": {
        "owner": "nixos",
        "ref": "nixos-unstable",
        "repo": "nixpkgs",
        "type": "github"
      }
    },
    "nixpkgs_2": {
      "locked": {
        "lastModified": 1610729867,
        "narHash": "sha256-bk/SBaBLqZX/PEqal27DMQwAHHl0dcZMp8NNksQr80s=",
        "owner": "NixOS",
        "repo": "nixpkgs",
        "rev": "04af07c659c6723a2259bb6bc00a47ec53330f20",
        "type": "github"
      },
      "original": {
        "owner": "NixOS",
        "repo": "nixpkgs",
        "type": "github"
      }
    },
    "nixpkgs_3": {
      "locked": {
        "narHash": "sha256-ktysr/ZX40/A1cNWc9aEZGIWtVnLS3NWU4bv/uaaqSo=",
        "path": "/home/teto/nixpkgs",
        "type": "path"
      },
      "original": {
        "id": "nixpkgs",
        "type": "indirect"
      }
    },
    "poetry": {
      "inputs": {
        "flake-utils": "flake-utils_2",
        "nixpkgs": "nixpkgs_2"
      },
      "locked": {
        "lastModified": 1620416674,
        "narHash": "sha256-Pu7mMKp6ZD2zSf4btO2kVbHmnoYs5iSIfat+VBKIuoQ=",
        "owner": "nix-community",
        "repo": "poetry2nix",
        "rev": "4da97aa34e3ed399164c979e063da3736a88acde",
        "type": "github"
      },
      "original": {
        "id": "poetry",
        "type": "indirect"
      }
    },
    "replica": {
      "inputs": {
        "flake-utils": "flake-utils_3",
        "idris": "idris",
        "nixpkgs": "nixpkgs_3"
      },
      "locked": {
        "lastModified": 1620589846,
        "narHash": "sha256-YoXWECBgkM6vIyfZRrZzv9Vs7YRHZDHd15/tZ7igzCM=",
        "owner": "teto",
        "repo": "REPLica",
        "rev": "85a580a45811a106a5135cc3065ee5c1b9c038a6",
        "type": "github"
      },
      "original": {
        "owner": "teto",
        "ref": "nix",
        "repo": "REPLica",
        "type": "github"
      }
    },
    "root": {
      "inputs": {
        "flake-utils": "flake-utils",
        "nixpkgs": "nixpkgs",
        "poetry": "poetry",
        "replica": "replica"
      }
    }
  },
  "root": "root",
  "version": 7
}
